
Microsoft Visual Studio Solution File, Format Version 12.00
# Visual Studio 14
VisualStudioVersion = 14.0.25123.0
MinimumVisualStudioVersion = 10.0.40219.1
Project("{FAE04EC0-301F-11D3-BF4B-00C04F79EFBC}") = "Devmedia_curso1", "Devmedia_curso1\Devmedia_curso1.csproj", "{77EA53D3-BAC3-4287-9401-CD3C5A5A4CC8}"
EndProject
Project("{FAE04EC0-301F-11D3-BF4B-00C04F79EFBC}") = "ClassePadrao", "ClassePadrao\ClassePadrao.csproj", "{CF7D1F7A-B469-4FEC-B3C9-EB73B96E266C}"
EndProject
Global
	GlobalSection(SolutionConfigurationPlatforms) = preSolution
		Debug|Any CPU = Debug|Any CPU
		Release|Any CPU = Release|Any CPU
	EndGlobalSection
	GlobalSection(ProjectConfigurationPlatforms) = postSolution
		{77EA53D3-BAC3-4287-9401-CD3C5A5A4CC8}.Debug|Any CPU.ActiveCfg = Debug|Any CPU
		{77EA53D3-BAC3-4287-9401-CD3C5A5A4CC8}.Debug|Any CPU.Build.0 = Debug|Any CPU
		{77EA53D3-BAC3-4287-9401-CD3C5A5A4CC8}.Release|Any CPU.ActiveCfg = Release|Any CPU
		{77EA53D3-BAC3-4287-9401-CD3C5A5A4CC8}.Release|Any CPU.Build.0 = Release|Any CPU
		{CF7D1F7A-B469-4FEC-B3C9-EB73B96E266C}.Debug|Any CPU.ActiveCfg = Debug|Any CPU
		{CF7D1F7A-B469-4FEC-B3C9-EB73B96E266C}.Debug|Any CPU.Build.0 = Debug|Any CPU
		{CF7D1F7A-B469-4FEC-B3C9-EB73B96E266C}.Release|Any CPU.ActiveCfg = Release|Any CPU
		{CF7D1F7A-B469-4FEC-B3C9-EB73B96E266C}.Release|Any CPU.Build.0 = Release|Any CPU
	EndGlobalSection
	GlobalSection(SolutionProperties) = preSolution
		HideSolutionNode = FALSE
	EndGlobalSection
EndGlobal
